// !$*UTF8*$!
{
	archiveVersion = 1;
	classes = {
	};
	objectVersion = 44;
	objects = {

/* Begin PBXBuildFile section */
		0E16F6AE2F7FAFA8007519AE /* HNDataController.swift in Sources */ = {isa = PBXBuildFile; fileRef = 0E16F6AC2F7FAFA8007519AE /* HNDataController.swift */; };
		0E16F6AF2F7FAFA8007519AE /* HNDebug.swift in Sources */ = {isa = PBXBuildFile; fileRef = 0E16F6AD2F7FAFA8007519AE /* HNDebug.swift */; };
		0E16F6B02F7FAFA8007519AE /* HNDataController.swift in Sources */ = {isa = PBXBuildFile; fileRef = 0E16F6AC2F7FAFA8007519AE /* HNDataController.swift */; };
		0E16F6B12F7FAFA8007519AE /* HNDebug.swift in Sources */ = {isa = PBXBuildFile; fileRef = 0E16F6AD2F7FAFA8007519AE /* HNDebug.swift */; };
		0E16F6B22F7FAFA8007519AE /* HNDataController.swift in Sources */ = {isa = PBXBuildFile; fileRef = 0E16F6AC2F7FAFA8007519AE /* HNDataController.swift */; };
		0E16F6B32F7FAFA8007519AE /* HNDebug.swift in Sources */ = {isa = PBXBuildFile; fileRef = 0E16F6AD2F7FAFA8007519AE /* HNDebug.swift */; };
		0E16F6CD2F7FB1D5007519AE /* main.swift in Sources */ = {isa = PBXBuildFile; fileRef = 0E16F6CC2F7FB1D5007519AE /* main.swift */; };
		0E16F6CF2F7FB1ED007519AE /* main.swift in Sources */ = {isa = PBXBuildFile; fileRef = 0E16F6CE2F7FB1ED007519AE /* main.swift */; };
		0E16F6D12F7FB20A007519AE /* main.swift in Sources */ = {isa = PBXBuildFile; fileRef = 0E16F6D02F7FB20A007519AE /* main.swift */; };
		0E16F6D82F7FB274007519AE /* HNCandidatesController.swift in Sources */ = {isa = PBXBuildFile; fileRef = 0E16F6D42F7FB274007519AE /* HNCandidatesController.swift */; };
		0E16F6D92F7FB274007519AE /* HNInputController.swift in Sources */ = {isa = PBXBuildFile; fileRef = 0E16F6D62F7FB274007519AE /* HNInputController.swift */; };
		0E16F6DA2F7FB274007519AE /* HNCandidates.swift in Sources */ = {isa = PBXBuildFile; fileRef = 0E16F6D32F7FB274007519AE /* HNCandidates.swift */; };
		0E16F6DB2F7FB274007519AE /* HNInputContext.swift in Sources */ = {isa = PBXBuildFile; fileRef = 0E16F6D52F7FB274007519AE /* HNInputContext.swift */; };
		0E16F6DC2F7FB274007519AE /* HNUserDefaults.swift in Sources */ = {isa = PBXBuildFile; fileRef = 0E16F6D72F7FB274007519AE /* HNUserDefaults.swift */; };
		0E16F6DD2F7FB274007519AE /* HNAppController.swift in Sources */ = {isa = PBXBuildFile; fileRef = 0E16F6D22F7FB274007519AE /* HNAppController.swift */; };
		31928B4A52E04B3FA796DC0B /* HNEventTap.swift in Sources */ = {isa = PBXBuildFile; fileRef = 392BBF863CA34A1C80D4B356 /* HNEventTap.swift */; };
		6014B57E14A3BEC000E2A10D /* hanulim2a.png in Resources */ = {isa = PBXBuildFile; fileRef = 6014B57714A3BEC000E2A10D /* hanulim2a.png */; };
		6014B57F14A3BEC000E2A10D /* hanulim3.png in Resources */ = {isa = PBXBuildFile; fileRef = 6014B57814A3BEC000E2A10D /* hanulim3.png */; };
		6014B58014A3BEC000E2A10D /* hanulim3a.png in Resources */ = {isa = PBXBuildFile; fileRef = 6014B57914A3BEC000E2A10D /* hanulim3a.png */; };
		6014B58114A3BEC000E2A10D /* hanulim3n.png in Resources */ = {isa = PBXBuildFile; fileRef = 6014B57A14A3BEC000E2A10D /* hanulim3n.png */; };
		6014B58214A3BEC000E2A10D /* hanulim3o.png in Resources */ = {isa = PBXBuildFile; fileRef = 6014B57B14A3BEC000E2A10D /* hanulim3o.png */; };
		602B177114D20FF300C60301 /* hanulim2.png in Resources */ = {isa = PBXBuildFile; fileRef = 602B176514D20FF300C60301 /* hanulim2.png */; };
		602B177214D20FF300C60301 /* hanulim2@2x.png in Resources */ = {isa = PBXBuildFile; fileRef = 602B176614D20FF300C60301 /* hanulim2@2x.png */; };
		602B177314D20FF300C60301 /* hanulim2a.png in Resources */ = {isa = PBXBuildFile; fileRef = 602B176714D20FF300C60301 /* hanulim2a.png */; };
		602B177414D20FF300C60301 /* hanulim2a@2x.png in Resources */ = {isa = PBXBuildFile; fileRef = 602B176814D20FF300C60301 /* hanulim2a@2x.png */; };
		602B177514D20FF300C60301 /* hanulim3.png in Resources */ = {isa = PBXBuildFile; fileRef = 602B176914D20FF300C60301 /* hanulim3.png */; };
		602B177614D20FF300C60301 /* hanulim3@2x.png in Resources */ = {isa = PBXBuildFile; fileRef = 602B176A14D20FF300C60301 /* hanulim3@2x.png */; };
		602B177714D20FF300C60301 /* hanulim3a.png in Resources */ = {isa = PBXBuildFile; fileRef = 602B176B14D20FF300C60301 /* hanulim3a.png */; };
		602B177814D20FF300C60301 /* hanulim3a@2x.png in Resources */ = {isa = PBXBuildFile; fileRef = 602B176C14D20FF300C60301 /* hanulim3a@2x.png */; };
		602B177914D20FF300C60301 /* hanulim3n.png in Resources */ = {isa = PBXBuildFile; fileRef = 602B176D14D20FF300C60301 /* hanulim3n.png */; };
		602B177A14D20FF300C60301 /* hanulim3n@2x.png in Resources */ = {isa = PBXBuildFile; fileRef = 602B176E14D20FF300C60301 /* hanulim3n@2x.png */; };
		602B177B14D20FF300C60301 /* hanulim3o.png in Resources */ = {isa = PBXBuildFile; fileRef = 602B176F14D20FF300C60301 /* hanulim3o.png */; };
		602B177C14D20FF300C60301 /* hanulim3o@2x.png in Resources */ = {isa = PBXBuildFile; fileRef = 602B177014D20FF300C60301 /* hanulim3o@2x.png */; };
		60A1C37E14B70EAE001507C2 /* hanulim.png in Resources */ = {isa = PBXBuildFile; fileRef = 60A1C37C14B70EAE001507C2 /* hanulim.png */; };
		60A1C38114B70EB8001507C2 /* hanulim.icns in Resources */ = {isa = PBXBuildFile; fileRef = 60A1C38014B70EB8001507C2 /* hanulim.icns */; };
		74BEAC0E0E4A9FB5001AA535 /* preferences.xib in Resources */ = {isa = PBXBuildFile; fileRef = 74BEAC0D0E4A9FB5001AA535 /* preferences.xib */; };
		74BEAC140E4A9FEA001AA535 /* MainMenu.xib in Resources */ = {isa = PBXBuildFile; fileRef = 74BEAC130E4A9FEA001AA535 /* MainMenu.xib */; };
		74BEAC190E4AA00A001AA535 /* InfoPlist.strings in Resources */ = {isa = PBXBuildFile; fileRef = 74BEAC180E4AA00A001AA535 /* InfoPlist.strings */; };
		8D11072F0486CEB800E47090 /* Cocoa.framework in Frameworks */ = {isa = PBXBuildFile; fileRef = 1058C7A1FEA54F0111CA2CBB /* Cocoa.framework */; };
		CF0576FB0E103B7400F8DA39 /* Abbrevs.xcdatamodel in Sources */ = {isa = PBXBuildFile; fileRef = CF0576FA0E103B7400F8DA39 /* Abbrevs.xcdatamodel */; };
		CF3E863D0E0BE3E000F1116F /* Cocoa.framework in Frameworks */ = {isa = PBXBuildFile; fileRef = 1058C7A1FEA54F0111CA2CBB /* Cocoa.framework */; };
		CF3E864D0E0BE63100F1116F /* InfoPlist.strings in Resources */ = {isa = PBXBuildFile; fileRef = CF3E864B0E0BE63100F1116F /* InfoPlist.strings */; };
		CF3E86510E0BE67600F1116F /* MainMenu.xib in Resources */ = {isa = PBXBuildFile; fileRef = CF3E864F0E0BE67600F1116F /* MainMenu.xib */; };
		CF3E86630E0BEE8000F1116F /* AbbrevEdit.app in Copy Files */ = {isa = PBXBuildFile; fileRef = CF3E85ED0E0BDE2F00F1116F /* AbbrevEdit.app */; };
		CF4198760E1048DC00A2BE4A /* Abbrevs.xcdatamodel in Sources */ = {isa = PBXBuildFile; fileRef = CF0576FA0E103B7400F8DA39 /* Abbrevs.xcdatamodel */; };
		CF4198B80E14576C00A2BE4A /* Abbrevs.xcdatamodel in Sources */ = {isa = PBXBuildFile; fileRef = CF0576FA0E103B7400F8DA39 /* Abbrevs.xcdatamodel */; };
		CF4198C10E14584500A2BE4A /* CoreData.framework in Frameworks */ = {isa = PBXBuildFile; fileRef = 13E42FB307B3F0F600E4EEF1 /* CoreData.framework */; };
		CF4198C40E1459F200A2BE4A /* Foundation.framework in Frameworks */ = {isa = PBXBuildFile; fileRef = 29B97325FDCFA39411CA2CEA /* Foundation.framework */; };
		CF4CD5E20CD50F9700E2A2F5 /* InputMethodKit.framework in Frameworks */ = {isa = PBXBuildFile; fileRef = CF4CD5E10CD50F9700E2A2F5 /* InputMethodKit.framework */; };
		CF675A4B143223D500295A97 /* abbrevtool in Resources */ = {isa = PBXBuildFile; fileRef = CF4198950E12ADDF00A2BE4A /* abbrevtool */; };
/* End PBXBuildFile section */

/* Begin PBXContainerItemProxy section */
		CF3E86020E0BDEB600F1116F /* PBXContainerItemProxy */ = {
			isa = PBXContainerItemProxy;
			containerPortal = 29B97313FDCFA39411CA2CEA /* Project object */;
			proxyType = 1;
			remoteGlobalIDString = CF3E85EC0E0BDE2F00F1116F;
			remoteInfo = AbbrevEdit;
		};
		CF41989B0E12B2F100A2BE4A /* PBXContainerItemProxy */ = {
			isa = PBXContainerItemProxy;
			containerPortal = 29B97313FDCFA39411CA2CEA /* Project object */;
			proxyType = 1;
			remoteGlobalIDString = CF4198940E12ADDF00A2BE4A;
			remoteInfo = abbrevtool;
		};
/* End PBXContainerItemProxy section */

/* Begin PBXCopyFilesBuildPhase section */
		CF3E86660E0BEEA600F1116F /* Copy Files */ = {
			isa = PBXCopyFilesBuildPhase;
			buildActionMask = 2147483647;
			dstPath = "";
			dstSubfolderSpec = 12;
			files = (
				CF3E86630E0BEE8000F1116F /* AbbrevEdit.app in Copy Files */,
			);
			name = "Copy Files";
			runOnlyForDeploymentPostprocessing = 0;
		};
/* End PBXCopyFilesBuildPhase section */

/* Begin PBXFileReference section */
		089C165DFE840E0CC02AAC07 /* en */ = {isa = PBXFileReference; fileEncoding = 4; lastKnownFileType = text.plist.strings; name = en; path = InputMethod/en.lproj/InfoPlist.strings; sourceTree = "<group>"; };
		0E16F6AC2F7FAFA8007519AE /* HNDataController.swift */ = {isa = PBXFileReference; lastKnownFileType = sourcecode.swift; path = HNDataController.swift; sourceTree = "<group>"; };
		0E16F6AD2F7FAFA8007519AE /* HNDebug.swift */ = {isa = PBXFileReference; lastKnownFileType = sourcecode.swift; path = HNDebug.swift; sourceTree = "<group>"; };
		0E16F6CC2F7FB1D5007519AE /* main.swift */ = {isa = PBXFileReference; lastKnownFileType = sourcecode.swift; name = main.swift; path = AbbrevEdit/main.swift; sourceTree = "<group>"; };
		0E16F6CE2F7FB1ED007519AE /* main.swift */ = {isa = PBXFileReference; lastKnownFileType = sourcecode.swift; name = main.swift; path = InputMethod/main.swift; sourceTree = "<group>"; };
		0E16F6D02F7FB20A007519AE /* main.swift */ = {isa = PBXFileReference; lastKnownFileType = sourcecode.swift; name = main.swift; path = abbrevtool/main.swift; sourceTree = "<group>"; };
		0E16F6D22F7FB274007519AE /* HNAppController.swift */ = {isa = PBXFileReference; lastKnownFileType = sourcecode.swift; name = HNAppController.swift; path = InputMethod/HNAppController.swift; sourceTree = "<group>"; };
		0E16F6D32F7FB274007519AE /* HNCandidates.swift */ = {isa = PBXFileReference; lastKnownFileType = sourcecode.swift; name = HNCandidates.swift; path = InputMethod/HNCandidates.swift; sourceTree = "<group>"; };
		0E16F6D42F7FB274007519AE /* HNCandidatesController.swift */ = {isa = PBXFileReference; lastKnownFileType = sourcecode.swift; name = HNCandidatesController.swift; path = InputMethod/HNCandidatesController.swift; sourceTree = "<group>"; };
		0E16F6D52F7FB274007519AE /* HNInputContext.swift */ = {isa = PBXFileReference; lastKnownFileType = sourcecode.swift; name = HNInputContext.swift; path = InputMethod/HNInputContext.swift; sourceTree = "<group>"; };
		0E16F6D62F7FB274007519AE /* HNInputController.swift */ = {isa = PBXFileReference; lastKnownFileType = sourcecode.swift; name = HNInputController.swift; path = InputMethod/HNInputController.swift; sourceTree = "<group>"; };
		0E16F6D72F7FB274007519AE /* HNUserDefaults.swift */ = {isa = PBXFileReference; lastKnownFileType = sourcecode.swift; name = HNUserDefaults.swift; path = InputMethod/HNUserDefaults.swift; sourceTree = "<group>"; };
		0EDDEF7C2F8456A1001D5485 /* ATImport.swift */ = {isa = PBXFileReference; lastKnownFileType = sourcecode.swift; name = ATImport.swift; path = abbrevtool/ATImport.swift; sourceTree = "<group>"; };
		0EDDEF7E2F845725001D5485 /* AEAppDelegate.swift */ = {isa = PBXFileReference; lastKnownFileType = sourcecode.swift; name = AEAppDelegate.swift; path = AbbrevEdit/AEAppDelegate.swift; sourceTree = "<group>"; };
		1058C7A1FEA54F0111CA2CBB /* Cocoa.framework */ = {isa = PBXFileReference; lastKnownFileType = wrapper.framework; name = Cocoa.framework; path = /System/Library/Frameworks/Cocoa.framework; sourceTree = "<absolute>"; };
		13E42FB307B3F0F600E4EEF1 /* CoreData.framework */ = {isa = PBXFileReference; lastKnownFileType = wrapper.framework; name = CoreData.framework; path = /System/Library/Frameworks/CoreData.framework; sourceTree = "<absolute>"; };
		29B97324FDCFA39411CA2CEA /* AppKit.framework */ = {isa = PBXFileReference; lastKnownFileType = wrapper.framework; name = AppKit.framework; path = /System/Library/Frameworks/AppKit.framework; sourceTree = "<absolute>"; };
		29B97325FDCFA39411CA2CEA /* Foundation.framework */ = {isa = PBXFileReference; lastKnownFileType = wrapper.framework; name = Foundation.framework; path = /System/Library/Frameworks/Foundation.framework; sourceTree = "<absolute>"; };
		392BBF863CA34A1C80D4B356 /* HNEventTap.swift */ = {isa = PBXFileReference; lastKnownFileType = sourcecode.swift; name = HNEventTap.swift; path = InputMethod/HNEventTap.swift; sourceTree = "<group>"; };
		6014B57714A3BEC000E2A10D /* hanulim2a.png */ = {isa = PBXFileReference; lastKnownFileType = image.png; name = hanulim2a.png; path = InputMethod/hanulim2a.png; sourceTree = "<group>"; };
		6014B57814A3BEC000E2A10D /* hanulim3.png */ = {isa = PBXFileReference; lastKnownFileType = image.png; name = hanulim3.png; path = InputMethod/hanulim3.png; sourceTree = "<group>"; };
		6014B57914A3BEC000E2A10D /* hanulim3a.png */ = {isa = PBXFileReference; lastKnownFileType = image.png; name = hanulim3a.png; path = InputMethod/hanulim3a.png; sourceTree = "<group>"; };
		6014B57A14A3BEC000E2A10D /* hanulim3n.png */ = {isa = PBXFileReference; lastKnownFileType = image.png; name = hanulim3n.png; path = InputMethod/hanulim3n.png; sourceTree = "<group>"; };
		6014B57B14A3BEC000E2A10D /* hanulim3o.png */ = {isa = PBXFileReference; lastKnownFileType = image.png; name = hanulim3o.png; path = InputMethod/hanulim3o.png; sourceTree = "<group>"; };
		602B176514D20FF300C60301 /* hanulim2.png */ = {isa = PBXFileReference; lastKnownFileType = image.png; name = hanulim2.png; path = InputMethod/hanulim2.png; sourceTree = "<group>"; };
		602B176614D20FF300C60301 /* hanulim2@2x.png */ = {isa = PBXFileReference; lastKnownFileType = image.png; name = "hanulim2@2x.png"; path = "InputMethod/hanulim2@2x.png"; sourceTree = "<group>"; };
		602B176714D20FF300C60301 /* hanulim2a.png */ = {isa = PBXFileReference; lastKnownFileType = image.png; name = hanulim2a.png; path = InputMethod/hanulim2a.png; sourceTree = "<group>"; };
		602B176814D20FF300C60301 /* hanulim2a@2x.png */ = {isa = PBXFileReference; lastKnownFileType = image.png; name = "hanulim2a@2x.png"; path = "InputMethod/hanulim2a@2x.png"; sourceTree = "<group>"; };
		602B176914D20FF300C60301 /* hanulim3.png */ = {isa = PBXFileReference; lastKnownFileType = image.png; name = hanulim3.png; path = InputMethod/hanulim3.png; sourceTree = "<group>"; };
		602B176A14D20FF300C60301 /* hanulim3@2x.png */ = {isa = PBXFileReference; lastKnownFileType = image.png; name = "hanulim3@2x.png"; path = "InputMethod/hanulim3@2x.png"; sourceTree = "<group>"; };
		602B176B14D20FF300C60301 /* hanulim3a.png */ = {isa = PBXFileReference; lastKnownFileType = image.png; name = hanulim3a.png; path = InputMethod/hanulim3a.png; sourceTree = "<group>"; };
		602B176C14D20FF300C60301 /* hanulim3a@2x.png */ = {isa = PBXFileReference; lastKnownFileType = image.png; name = "hanulim3a@2x.png"; path = "InputMethod/hanulim3a@2x.png"; sourceTree = "<group>"; };
		602B176D14D20FF300C60301 /* hanulim3n.png */ = {isa = PBXFileReference; lastKnownFileType = image.png; name = hanulim3n.png; path = InputMethod/hanulim3n.png; sourceTree = "<group>"; };
		602B176E14D20FF300C60301 /* hanulim3n@2x.png */ = {isa = PBXFileReference; lastKnownFileType = image.png; name = "hanulim3n@2x.png"; path = "InputMethod/hanulim3n@2x.png"; sourceTree = "<group>"; };
		602B176F14D20FF300C60301 /* hanulim3o.png */ = {isa = PBXFileReference; lastKnownFileType = image.png; name = hanulim3o.png; path = InputMethod/hanulim3o.png; sourceTree = "<group>"; };
		602B177014D20FF300C60301 /* hanulim3o@2x.png */ = {isa = PBXFileReference; lastKnownFileType = image.png; name = "hanulim3o@2x.png"; path = "InputMethod/hanulim3o@2x.png"; sourceTree = "<group>"; };
		60A1C37C14B70EAE001507C2 /* hanulim.png */ = {isa = PBXFileReference; lastKnownFileType = image.png; path = hanulim.png; sourceTree = "<group>"; };
		60A1C38014B70EB8001507C2 /* hanulim.icns */ = {isa = PBXFileReference; lastKnownFileType = image.icns; path = hanulim.icns; sourceTree = "<group>"; };
		74BEAC100E4A9FD6001AA535 /* ko */ = {isa = PBXFileReference; lastKnownFileType = file.xib; name = ko; path = InputMethod/ko.lproj/preferences.xib; sourceTree = "<group>"; };
		74BEAC150E4A9FEF001AA535 /* ko */ = {isa = PBXFileReference; lastKnownFileType = file.xib; name = ko; path = InputMethod/ko.lproj/MainMenu.xib; sourceTree = "<group>"; };
		74BEAC1A0E4AA010001AA535 /* ko */ = {isa = PBXFileReference; fileEncoding = 4; lastKnownFileType = text.plist.strings; name = ko; path = InputMethod/ko.lproj/InfoPlist.strings; sourceTree = "<group>"; };
		8D1107310486CEB800E47090 /* Info.plist */ = {isa = PBXFileReference; fileEncoding = 4; lastKnownFileType = text.plist.xml; name = Info.plist; path = InputMethod/Info.plist; sourceTree = "<group>"; };
		8D1107320486CEB800E47090 /* Hanulim.app */ = {isa = PBXFileReference; explicitFileType = wrapper.application; includeInIndex = 0; path = Hanulim.app; sourceTree = BUILT_PRODUCTS_DIR; };
		CF0576FA0E103B7400F8DA39 /* Abbrevs.xcdatamodel */ = {isa = PBXFileReference; fileEncoding = 4; lastKnownFileType = wrapper.xcdatamodel; path = Abbrevs.xcdatamodel; sourceTree = "<group>"; };
		CF3E85ED0E0BDE2F00F1116F /* AbbrevEdit.app */ = {isa = PBXFileReference; explicitFileType = wrapper.application; includeInIndex = 0; path = AbbrevEdit.app; sourceTree = BUILT_PRODUCTS_DIR; };
		CF3E86450E0BE54900F1116F /* Info.plist */ = {isa = PBXFileReference; fileEncoding = 4; lastKnownFileType = text.plist.xml; name = Info.plist; path = AbbrevEdit/Info.plist; sourceTree = "<group>"; };
		CF3E864C0E0BE63100F1116F /* en */ = {isa = PBXFileReference; fileEncoding = 10; lastKnownFileType = text.plist.strings; name = en; path = AbbrevEdit/en.lproj/InfoPlist.strings; sourceTree = "<group>"; };
		CF3E86500E0BE67600F1116F /* en */ = {isa = PBXFileReference; lastKnownFileType = file.xib; name = en; path = AbbrevEdit/en.lproj/MainMenu.xib; sourceTree = "<group>"; };
		CF4198950E12ADDF00A2BE4A /* abbrevtool */ = {isa = PBXFileReference; explicitFileType = "compiled.mach-o.executable"; includeInIndex = 0; path = abbrevtool; sourceTree = BUILT_PRODUCTS_DIR; };
		CF4CD5E10CD50F9700E2A2F5 /* InputMethodKit.framework */ = {isa = PBXFileReference; lastKnownFileType = wrapper.framework; name = InputMethodKit.framework; path = /System/Library/Frameworks/InputMethodKit.framework; sourceTree = "<absolute>"; };
		CFD7D0490DF716A100D0C515 /* en */ = {isa = PBXFileReference; lastKnownFileType = file.xib; name = en; path = InputMethod/en.lproj/MainMenu.xib; sourceTree = "<group>"; };
		CFF8A69A0E20EFC500DD47E7 /* en */ = {isa = PBXFileReference; lastKnownFileType = file.xib; name = en; path = InputMethod/en.lproj/preferences.xib; sourceTree = "<group>"; };
/* End PBXFileReference section */

/* Begin PBXFrameworksBuildPhase section */
		8D11072E0486CEB800E47090 /* Frameworks */ = {
			isa = PBXFrameworksBuildPhase;
			buildActionMask = 2147483647;
			files = (
				8D11072F0486CEB800E47090 /* Cocoa.framework in Frameworks */,
				CF4CD5E20CD50F9700E2A2F5 /* InputMethodKit.framework in Frameworks */,
			);
			runOnlyForDeploymentPostprocessing = 0;
		};
		CF3E85EB0E0BDE2F00F1116F /* Frameworks */ = {
			isa = PBXFrameworksBuildPhase;
			buildActionMask = 2147483647;
			files = (
				CF3E863D0E0BE3E000F1116F /* Cocoa.framework in Frameworks */,
			);
			runOnlyForDeploymentPostprocessing = 0;
		};
		CF4198930E12ADDF00A2BE4A /* Frameworks */ = {
			isa = PBXFrameworksBuildPhase;
			buildActionMask = 2147483647;
			files = (
				CF4198C10E14584500A2BE4A /* CoreData.framework in Frameworks */,
				CF4198C40E1459F200A2BE4A /* Foundation.framework in Frameworks */,
			);
			runOnlyForDeploymentPostprocessing = 0;
		};
/* End PBXFrameworksBuildPhase section */

/* Begin PBXGroup section */
		080E96DDFE201D6D7F000001 /* Classes */ = {
			isa = PBXGroup;
			children = (
				0E16F6D22F7FB274007519AE /* HNAppController.swift */,
				0E16F6D32F7FB274007519AE /* HNCandidates.swift */,
				0E16F6D42F7FB274007519AE /* HNCandidatesController.swift */,
				392BBF863CA34A1C80D4B356 /* HNEventTap.swift */,
				0E16F6D52F7FB274007519AE /* HNInputContext.swift */,
				0E16F6D62F7FB274007519AE /* HNInputController.swift */,
				0E16F6D72F7FB274007519AE /* HNUserDefaults.swift */,
			);
			name = Classes;
			sourceTree = "<group>";
		};
		1058C7A0FEA54F0111CA2CBB /* Linked Frameworks */ = {
			isa = PBXGroup;
			children = (
				1058C7A1FEA54F0111CA2CBB /* Cocoa.framework */,
				CF4CD5E10CD50F9700E2A2F5 /* InputMethodKit.framework */,
			);
			name = "Linked Frameworks";
			sourceTree = "<group>";
		};
		1058C7A2FEA54F0111CA2CBB /* Other Frameworks */ = {
			isa = PBXGroup;
			children = (
				29B97324FDCFA39411CA2CEA /* AppKit.framework */,
				13E42FB307B3F0F600E4EEF1 /* CoreData.framework */,
				29B97325FDCFA39411CA2CEA /* Foundation.framework */,
			);
			name = "Other Frameworks";
			sourceTree = "<group>";
		};
		19C28FACFE9D520D11CA2CBB /* Products */ = {
			isa = PBXGroup;
			children = (
				8D1107320486CEB800E47090 /* Hanulim.app */,
				CF3E85ED0E0BDE2F00F1116F /* AbbrevEdit.app */,
				CF4198950E12ADDF00A2BE4A /* abbrevtool */,
			);
			name = Products;
			sourceTree = "<group>";
		};
		29B97314FDCFA39411CA2CEA /* Hanulim */ = {
			isa = PBXGroup;
			children = (
				CFA3DEC20E02F52300BF8CD5 /* Model */,
				CF3E860B0E0BE1B700F1116F /* Shared Sources */,
				CF4198AB0E12B39800A2BE4A /* abbrevtool */,
				CF3E85DF0E0BD96500F1116F /* AbbrevEdit */,
				CF3E85DE0E0BD94900F1116F /* InputMethod */,
				29B97323FDCFA39411CA2CEA /* Frameworks */,
				19C28FACFE9D520D11CA2CBB /* Products */,
			);
			name = Hanulim;
			sourceTree = "<group>";
		};
		29B97315FDCFA39411CA2CEA /* Other Sources */ = {
			isa = PBXGroup;
			children = (
				0E16F6CE2F7FB1ED007519AE /* main.swift */,
			);
			name = "Other Sources";
			sourceTree = "<group>";
		};
		29B97317FDCFA39411CA2CEA /* Resources */ = {
			isa = PBXGroup;
			children = (
				60A1C37C14B70EAE001507C2 /* hanulim.png */,
				60A1C38014B70EB8001507C2 /* hanulim.icns */,
				602B176514D20FF300C60301 /* hanulim2.png */,
				602B176614D20FF300C60301 /* hanulim2@2x.png */,
				602B176714D20FF300C60301 /* hanulim2a.png */,
				602B176814D20FF300C60301 /* hanulim2a@2x.png */,
				602B176914D20FF300C60301 /* hanulim3.png */,
				602B176A14D20FF300C60301 /* hanulim3@2x.png */,
				602B176B14D20FF300C60301 /* hanulim3a.png */,
				602B176C14D20FF300C60301 /* hanulim3a@2x.png */,
				602B176D14D20FF300C60301 /* hanulim3n.png */,
				602B176E14D20FF300C60301 /* hanulim3n@2x.png */,
				602B176F14D20FF300C60301 /* hanulim3o.png */,
				602B177014D20FF300C60301 /* hanulim3o@2x.png */,
				6014B57714A3BEC000E2A10D /* hanulim2a.png */,
				6014B57814A3BEC000E2A10D /* hanulim3.png */,
				6014B57914A3BEC000E2A10D /* hanulim3a.png */,
				6014B57A14A3BEC000E2A10D /* hanulim3n.png */,
				6014B57B14A3BEC000E2A10D /* hanulim3o.png */,
				8D1107310486CEB800E47090 /* Info.plist */,
				74BEAC180E4AA00A001AA535 /* InfoPlist.strings */,
				74BEAC130E4A9FEA001AA535 /* MainMenu.xib */,
				74BEAC0D0E4A9FB5001AA535 /* preferences.xib */,
			);
			name = Resources;
			sourceTree = "<group>";
		};
		29B97323FDCFA39411CA2CEA /* Frameworks */ = {
			isa = PBXGroup;
			children = (
				1058C7A0FEA54F0111CA2CBB /* Linked Frameworks */,
				1058C7A2FEA54F0111CA2CBB /* Other Frameworks */,
			);
			name = Frameworks;
			sourceTree = "<group>";
		};
		CF3E85DE0E0BD94900F1116F /* InputMethod */ = {
			isa = PBXGroup;
			children = (
				080E96DDFE201D6D7F000001 /* Classes */,
				29B97315FDCFA39411CA2CEA /* Other Sources */,
				29B97317FDCFA39411CA2CEA /* Resources */,
			);
			name = InputMethod;
			sourceTree = "<group>";
		};
		CF3E85DF0E0BD96500F1116F /* AbbrevEdit */ = {
			isa = PBXGroup;
			children = (
				CF3E863F0E0BE4C900F1116F /* Classes */,
				CF3E86400E0BE4D000F1116F /* Other Sources */,
				CF3E86410E0BE4DD00F1116F /* Resources */,
			);
			name = AbbrevEdit;
			sourceTree = "<group>";
		};
		CF3E860B0E0BE1B700F1116F /* Shared Sources */ = {
			isa = PBXGroup;
			children = (
				0E16F6AC2F7FAFA8007519AE /* HNDataController.swift */,
				0E16F6AD2F7FAFA8007519AE /* HNDebug.swift */,
			);
			name = "Shared Sources";
			sourceTree = "<group>";
		};
		CF3E863F0E0BE4C900F1116F /* Classes */ = {
			isa = PBXGroup;
			children = (
				0EDDEF7E2F845725001D5485 /* AEAppDelegate.swift */,
			);
			name = Classes;
			sourceTree = "<group>";
		};
		CF3E86400E0BE4D000F1116F /* Other Sources */ = {
			isa = PBXGroup;
			children = (
				0E16F6CC2F7FB1D5007519AE /* main.swift */,
			);
			name = "Other Sources";
			sourceTree = "<group>";
		};
		CF3E86410E0BE4DD00F1116F /* Resources */ = {
			isa = PBXGroup;
			children = (
				CF3E86450E0BE54900F1116F /* Info.plist */,
				CF3E864B0E0BE63100F1116F /* InfoPlist.strings */,
				CF3E864F0E0BE67600F1116F /* MainMenu.xib */,
			);
			name = Resources;
			sourceTree = "<group>";
		};
		CF4198AB0E12B39800A2BE4A /* abbrevtool */ = {
			isa = PBXGroup;
			children = (
				CFD961C60E16754D006710FF /* Classes */,
				CF4198B10E12B42800A2BE4A /* Other Sources */,
			);
			name = abbrevtool;
			sourceTree = "<group>";
		};
		CF4198B10E12B42800A2BE4A /* Other Sources */ = {
			isa = PBXGroup;
			children = (
				0E16F6D02F7FB20A007519AE /* main.swift */,
			);
			name = "Other Sources";
			sourceTree = "<group>";
		};
		CFA3DEC20E02F52300BF8CD5 /* Model */ = {
			isa = PBXGroup;
			children = (
				CF0576FA0E103B7400F8DA39 /* Abbrevs.xcdatamodel */,
			);
			name = Model;
			sourceTree = "<group>";
		};
		CFD961C60E16754D006710FF /* Classes */ = {
			isa = PBXGroup;
			children = (
				0EDDEF7C2F8456A1001D5485 /* ATImport.swift */,
			);
			name = Classes;
			sourceTree = "<group>";
		};
/* End PBXGroup section */

/* Begin PBXNativeTarget section */
		8D1107260486CEB800E47090 /* Hanulim */ = {
			isa = PBXNativeTarget;
			buildConfigurationList = C01FCF4A08A954540054247B /* Build configuration list for PBXNativeTarget "Hanulim" */;
			buildPhases = (
				8D1107290486CEB800E47090 /* Resources */,
				8D11072C0486CEB800E47090 /* Sources */,
				8D11072E0486CEB800E47090 /* Frameworks */,
				CF3E86660E0BEEA600F1116F /* Copy Files */,
			);
			buildRules = (
			);
			dependencies = (
				CF41989C0E12B2F100A2BE4A /* PBXTargetDependency */,
				CF3E86030E0BDEB600F1116F /* PBXTargetDependency */,
				AA01000BB0B0B0B0B000000B /* PBXTargetDependency */,
			);
			name = Hanulim;
			productInstallPath = "$(HOME)/Applications";
			productName = Hanulim;
			productReference = 8D1107320486CEB800E47090 /* Hanulim.app */;
			productType = "com.apple.product-type.application";
		};
		CF3E85EC0E0BDE2F00F1116F /* AbbrevEdit */ = {
			isa = PBXNativeTarget;
			buildConfigurationList = CF3E85F20E0BDE3000F1116F /* Build configuration list for PBXNativeTarget "AbbrevEdit" */;
			buildPhases = (
				CF3E85E90E0BDE2F00F1116F /* Resources */,
				CF3E85EA0E0BDE2F00F1116F /* Sources */,
				CF3E85EB0E0BDE2F00F1116F /* Frameworks */,
			);
			buildRules = (
			);
			dependencies = (
			);
			name = AbbrevEdit;
			productName = AbbrevEdit;
			productReference = CF3E85ED0E0BDE2F00F1116F /* AbbrevEdit.app */;
			productType = "com.apple.product-type.application";
		};
		CF4198940E12ADDF00A2BE4A /* abbrevtool */ = {
			isa = PBXNativeTarget;
			buildConfigurationList = CF4198990E12ADEA00A2BE4A /* Build configuration list for PBXNativeTarget "abbrevtool" */;
			buildPhases = (
				CF4198920E12ADDF00A2BE4A /* Sources */,
				CF4198930E12ADDF00A2BE4A /* Frameworks */,
			);
			buildRules = (
			);
			dependencies = (
			);
			name = abbrevtool;
			productName = abbrevtool;
			productReference = CF4198950E12ADDF00A2BE4A /* abbrevtool */;
			productType = "com.apple.product-type.tool";
		};
/* End PBXNativeTarget section */

/* Begin PBXProject section */
		29B97313FDCFA39411CA2CEA /* Project object */ = {
			isa = PBXProject;
			attributes = {
				TargetAttributes = {
					8D1107260486CEB800E47090 = {
						LastSwiftMigration = 2630;
					};
					CF3E85EC0E0BDE2F00F1116F = {
						LastSwiftMigration = 2630;
					};
					CF4198940E12ADDF00A2BE4A = {
						LastSwiftMigration = 2630;
					};
				};
			};
			buildConfigurationList = C01FCF4E08A954540054247B /* Build configuration list for PBXProject "Hanulim" */;
			compatibilityVersion = "Xcode 3.0";
			developmentRegion = en;
			hasScannedForEncodings = 1;
			knownRegions = (
				en,
				English,
				Japanese,
				French,
				German,
				ko,
				Korean,
				"ko-KR",
			);
			mainGroup = 29B97314FDCFA39411CA2CEA /* Hanulim */;
			productRefGroup = 19C28FACFE9D520D11CA2CBB /* Products */;
			projectDirPath = "";
			projectRoot = "";
			targets = (
				8D1107260486CEB800E47090 /* Hanulim */,
				CF3E85EC0E0BDE2F00F1116F /* AbbrevEdit */,
				CF4198940E12ADDF00A2BE4A /* abbrevtool */,
			);
		};
/* End PBXProject section */

/* Begin PBXResourcesBuildPhase section */
		8D1107290486CEB800E47090 /* Resources */ = {
			isa = PBXResourcesBuildPhase;
			buildActionMask = 2147483647;
			files = (
				CF675A4B143223D500295A97 /* abbrevtool in Resources */,
				74BEAC190E4AA00A001AA535 /* InfoPlist.strings in Resources */,
				74BEAC140E4A9FEA001AA535 /* MainMenu.xib in Resources */,
				74BEAC0E0E4A9FB5001AA535 /* preferences.xib in Resources */,
				6014B57E14A3BEC000E2A10D /* hanulim2a.png in Resources */,
				6014B57F14A3BEC000E2A10D /* hanulim3.png in Resources */,
				6014B58014A3BEC000E2A10D /* hanulim3a.png in Resources */,
				6014B58114A3BEC000E2A10D /* hanulim3n.png in Resources */,
				6014B58214A3BEC000E2A10D /* hanulim3o.png in Resources */,
				60A1C37E14B70EAE001507C2 /* hanulim.png in Resources */,
				60A1C38114B70EB8001507C2 /* hanulim.icns in Resources */,
				602B177114D20FF300C60301 /* hanulim2.png in Resources */,
				602B177214D20FF300C60301 /* hanulim2@2x.png in Resources */,
				602B177314D20FF300C60301 /* hanulim2a.png in Resources */,
				602B177414D20FF300C60301 /* hanulim2a@2x.png in Resources */,
				602B177514D20FF300C60301 /* hanulim3.png in Resources */,
				602B177614D20FF300C60301 /* hanulim3@2x.png in Resources */,
				602B177714D20FF300C60301 /* hanulim3a.png in Resources */,
				602B177814D20FF300C60301 /* hanulim3a@2x.png in Resources */,
				602B177914D20FF300C60301 /* hanulim3n.png in Resources */,
				602B177A14D20FF300C60301 /* hanulim3n@2x.png in Resources */,
				602B177B14D20FF300C60301 /* hanulim3o.png in Resources */,
				602B177C14D20FF300C60301 /* hanulim3o@2x.png in Resources */,
			);
			runOnlyForDeploymentPostprocessing = 0;
		};
		CF3E85E90E0BDE2F00F1116F /* Resources */ = {
			isa = PBXResourcesBuildPhase;
			buildActionMask = 2147483647;
			files = (
				CF3E864D0E0BE63100F1116F /* InfoPlist.strings in Resources */,
				CF3E86510E0BE67600F1116F /* MainMenu.xib in Resources */,
			);
			runOnlyForDeploymentPostprocessing = 0;
		};
/* End PBXResourcesBuildPhase section */

/* Begin PBXSourcesBuildPhase section */
		8D11072C0486CEB800E47090 /* Sources */ = {
			isa = PBXSourcesBuildPhase;
			buildActionMask = 2147483647;
			files = (
				0E16F6B22F7FAFA8007519AE /* HNDataController.swift in Sources */,
				0E16F6B32F7FAFA8007519AE /* HNDebug.swift in Sources */,
				CF4198760E1048DC00A2BE4A /* Abbrevs.xcdatamodel in Sources */,
				0E16F6D82F7FB274007519AE /* HNCandidatesController.swift in Sources */,
				0E16F6D92F7FB274007519AE /* HNInputController.swift in Sources */,
				0E16F6DA2F7FB274007519AE /* HNCandidates.swift in Sources */,
				0E16F6DB2F7FB274007519AE /* HNInputContext.swift in Sources */,
				31928B4A52E04B3FA796DC0B /* HNEventTap.swift in Sources */,
				0E16F6DC2F7FB274007519AE /* HNUserDefaults.swift in Sources */,
				0E16F6DD2F7FB274007519AE /* HNAppController.swift in Sources */,
				0E16F6CF2F7FB1ED007519AE /* main.swift in Sources */,
			);
			runOnlyForDeploymentPostprocessing = 0;
		};
		CF3E85EA0E0BDE2F00F1116F /* Sources */ = {
			isa = PBXSourcesBuildPhase;
			buildActionMask = 2147483647;
			files = (
				0E16F6CD2F7FB1D5007519AE /* main.swift in Sources */,
				0EDDEF7F2F845725001D5485 /* AEAppDelegate.swift in Sources */,
				CF0576FB0E103B7400F8DA39 /* Abbrevs.xcdatamodel in Sources */,
				0E16F6AE2F7FAFA8007519AE /* HNDataController.swift in Sources */,
				0E16F6AF2F7FAFA8007519AE /* HNDebug.swift in Sources */,
			);
			runOnlyForDeploymentPostprocessing = 0;
		};
		CF4198920E12ADDF00A2BE4A /* Sources */ = {
			isa = PBXSourcesBuildPhase;
			buildActionMask = 2147483647;
			files = (
				CF4198B80E14576C00A2BE4A /* Abbrevs.xcdatamodel in Sources */,
				0E16F6D12F7FB20A007519AE /* main.swift in Sources */,
				0E16F6B02F7FAFA8007519AE /* HNDataController.swift in Sources */,
				0E16F6B12F7FAFA8007519AE /* HNDebug.swift in Sources */,
				0EDDEF7D2F8456A1001D5485 /* ATImport.swift in Sources */,
			);
			runOnlyForDeploymentPostprocessing = 0;
		};
/* End PBXSourcesBuildPhase section */

/* Begin PBXTargetDependency section */
		AA01000BB0B0B0B0B000000B /* PBXTargetDependency */ = {
			isa = PBXTargetDependency;
		};
		CF3E86030E0BDEB600F1116F /* PBXTargetDependency */ = {
			isa = PBXTargetDependency;
			target = CF3E85EC0E0BDE2F00F1116F /* AbbrevEdit */;
			targetProxy = CF3E86020E0BDEB600F1116F /* PBXContainerItemProxy */;
		};
		CF41989C0E12B2F100A2BE4A /* PBXTargetDependency */ = {
			isa = PBXTargetDependency;
			target = CF4198940E12ADDF00A2BE4A /* abbrevtool */;
			targetProxy = CF41989B0E12B2F100A2BE4A /* PBXContainerItemProxy */;
		};
/* End PBXTargetDependency section */

/* Begin PBXVariantGroup section */
		74BEAC0D0E4A9FB5001AA535 /* preferences.xib */ = {
			isa = PBXVariantGroup;
			children = (
				CFF8A69A0E20EFC500DD47E7 /* en */,
				74BEAC100E4A9FD6001AA535 /* ko */,
			);
			name = preferences.xib;
			sourceTree = "<group>";
		};
		74BEAC130E4A9FEA001AA535 /* MainMenu.xib */ = {
			isa = PBXVariantGroup;
			children = (
				CFD7D0490DF716A100D0C515 /* en */,
				74BEAC150E4A9FEF001AA535 /* ko */,
			);
			name = MainMenu.xib;
			sourceTree = "<group>";
		};
		74BEAC180E4AA00A001AA535 /* InfoPlist.strings */ = {
			isa = PBXVariantGroup;
			children = (
				089C165DFE840E0CC02AAC07 /* en */,
				74BEAC1A0E4AA010001AA535 /* ko */,
			);
			name = InfoPlist.strings;
			sourceTree = "<group>";
		};
		CF3E864B0E0BE63100F1116F /* InfoPlist.strings */ = {
			isa = PBXVariantGroup;
			children = (
				CF3E864C0E0BE63100F1116F /* en */,
			);
			name = InfoPlist.strings;
			sourceTree = "<group>";
		};
		CF3E864F0E0BE67600F1116F /* MainMenu.xib */ = {
			isa = PBXVariantGroup;
			children = (
				CF3E86500E0BE67600F1116F /* en */,
			);
			name = MainMenu.xib;
			sourceTree = "<group>";
		};
/* End PBXVariantGroup section */

/* Begin XCBuildConfiguration section */
		C01FCF4B08A954540054247B /* Debug */ = {
			isa = XCBuildConfiguration;
			buildSettings = {
				CLANG_ENABLE_MODULES = YES;
				COPY_PHASE_STRIP = NO;
				GCC_DYNAMIC_NO_PIC = NO;
				GCC_ENABLE_FIX_AND_CONTINUE = YES;
				GCC_MODEL_TUNING = G5;
				GCC_OPTIMIZATION_LEVEL = 0;
				GCC_PRECOMPILE_PREFIX_HEADER = YES;
				INFOPLIST_FILE = InputMethod/Info.plist;
				INSTALL_PATH = "/Library/Input Methods";
				PRODUCT_NAME = Hanulim;
				SWIFT_OPTIMIZATION_LEVEL = "-Onone";
				SWIFT_VERSION = 6.0;
				WRAPPER_EXTENSION = app;
				ZERO_LINK = NO;
			};
			name = Debug;
		};
		C01FCF4C08A954540054247B /* Release */ = {
			isa = XCBuildConfiguration;
			buildSettings = {
				CLANG_ENABLE_MODULES = YES;
				DEBUG_INFORMATION_FORMAT = "dwarf-with-dsym";
				GCC_MODEL_TUNING = G5;
				GCC_PRECOMPILE_PREFIX_HEADER = YES;
				INFOPLIST_FILE = InputMethod/Info.plist;
				INSTALL_PATH = "/Library/Input Methods";
				PRODUCT_NAME = Hanulim;
				SWIFT_VERSION = 6.0;
				WRAPPER_EXTENSION = app;
			};
			name = Release;
		};
		C01FCF4F08A954540054247B /* Debug */ = {
			isa = XCBuildConfiguration;
			buildSettings = {
				ARCHS = "$(ARCHS_STANDARD)";
				GCC_PREPROCESSOR_DEFINITIONS = DEBUG;
				GCC_VERSION = "";
				GCC_WARN_ABOUT_RETURN_TYPE = YES;
				GCC_WARN_UNUSED_VARIABLE = YES;
				MACOSX_DEPLOYMENT_TARGET = 13.5;
				PREBINDING = NO;
				SDKROOT = macosx;
			};
			name = Debug;
		};
		C01FCF5008A954540054247B /* Release */ = {
			isa = XCBuildConfiguration;
			buildSettings = {
				ARCHS = "$(ARCHS_STANDARD)";
				ENABLE_NS_ASSERTIONS = NO;
				GCC_PREPROCESSOR_DEFINITIONS = NDEBUG;
				GCC_VERSION = "";
				GCC_WARN_ABOUT_RETURN_TYPE = YES;
				GCC_WARN_UNUSED_VARIABLE = YES;
				MACOSX_DEPLOYMENT_TARGET = 13.5;
				PREBINDING = NO;
				SDKROOT = macosx;
			};
			name = Release;
		};
		CF3E85F00E0BDE3000F1116F /* Debug */ = {
			isa = XCBuildConfiguration;
			buildSettings = {
				ALWAYS_SEARCH_USER_PATHS = NO;
				CLANG_ENABLE_MODULES = YES;
				COPY_PHASE_STRIP = NO;
				GCC_DYNAMIC_NO_PIC = NO;
				GCC_ENABLE_FIX_AND_CONTINUE = YES;
				GCC_MODEL_TUNING = G5;
				GCC_OPTIMIZATION_LEVEL = 0;
				GCC_PRECOMPILE_PREFIX_HEADER = YES;
				INFOPLIST_FILE = AbbrevEdit/Info.plist;
				PREBINDING = NO;
				PRODUCT_NAME = AbbrevEdit;
				SKIP_INSTALL = YES;
				SWIFT_OPTIMIZATION_LEVEL = "-Onone";
				SWIFT_VERSION = 6.0;
			};
			name = Debug;
		};
		CF3E85F10E0BDE3000F1116F /* Release */ = {
			isa = XCBuildConfiguration;
			buildSettings = {
				ALWAYS_SEARCH_USER_PATHS = NO;
				CLANG_ENABLE_MODULES = YES;
				COPY_PHASE_STRIP = YES;
				DEBUG_INFORMATION_FORMAT = "dwarf-with-dsym";
				GCC_ENABLE_FIX_AND_CONTINUE = NO;
				GCC_MODEL_TUNING = G5;
				GCC_PRECOMPILE_PREFIX_HEADER = YES;
				INFOPLIST_FILE = AbbrevEdit/Info.plist;
				PREBINDING = NO;
				PRODUCT_NAME = AbbrevEdit;
				SKIP_INSTALL = YES;
				SWIFT_VERSION = 6.0;
				ZERO_LINK = NO;
			};
			name = Release;
		};
		CF4198970E12ADE600A2BE4A /* Debug */ = {
			isa = XCBuildConfiguration;
			buildSettings = {
				ALWAYS_SEARCH_USER_PATHS = NO;
				CLANG_ENABLE_MODULES = YES;
				COPY_PHASE_STRIP = NO;
				GCC_DYNAMIC_NO_PIC = NO;
				GCC_ENABLE_FIX_AND_CONTINUE = YES;
				GCC_MODEL_TUNING = G5;
				GCC_OPTIMIZATION_LEVEL = 0;
				GCC_PRECOMPILE_PREFIX_HEADER = YES;
				INSTALL_PATH = /usr/local/bin;
				PREBINDING = NO;
				PRODUCT_NAME = abbrevtool;
				SWIFT_OPTIMIZATION_LEVEL = "-Onone";
				SWIFT_VERSION = 6.0;
			};
			name = Debug;
		};
		CF4198980E12ADE600A2BE4A /* Release */ = {
			isa = XCBuildConfiguration;
			buildSettings = {
				ALWAYS_SEARCH_USER_PATHS = NO;
				CLANG_ENABLE_MODULES = YES;
				COPY_PHASE_STRIP = YES;
				DEBUG_INFORMATION_FORMAT = "dwarf-with-dsym";
				GCC_ENABLE_FIX_AND_CONTINUE = NO;
				GCC_MODEL_TUNING = G5;
				GCC_PRECOMPILE_PREFIX_HEADER = YES;
				INSTALL_PATH = /usr/local/bin;
				PREBINDING = NO;
				PRODUCT_NAME = abbrevtool;
				SWIFT_VERSION = 6.0;
				ZERO_LINK = NO;
			};
			name = Release;
		};
/* End XCBuildConfiguration section */

/* Begin XCConfigurationList section */
		C01FCF4A08A954540054247B /* Build configuration list for PBXNativeTarget "Hanulim" */ = {
			isa = XCConfigurationList;
			buildConfigurations = (
				C01FCF4B08A954540054247B /* Debug */,
				C01FCF4C08A954540054247B /* Release */,
			);
			defaultConfigurationIsVisible = 0;
			defaultConfigurationName = Release;
		};
		C01FCF4E08A954540054247B /* Build configuration list for PBXProject "Hanulim" */ = {
			isa = XCConfigurationList;
			buildConfigurations = (
				C01FCF4F08A954540054247B /* Debug */,
				C01FCF5008A954540054247B /* Release */,
			);
			defaultConfigurationIsVisible = 0;
			defaultConfigurationName = Release;
		};
		CF3E85F20E0BDE3000F1116F /* Build configuration list for PBXNativeTarget "AbbrevEdit" */ = {
			isa = XCConfigurationList;
			buildConfigurations = (
				CF3E85F00E0BDE3000F1116F /* Debug */,
				CF3E85F10E0BDE3000F1116F /* Release */,
			);
			defaultConfigurationIsVisible = 0;
			defaultConfigurationName = Release;
		};
		CF4198990E12ADEA00A2BE4A /* Build configuration list for PBXNativeTarget "abbrevtool" */ = {
			isa = XCConfigurationList;
			buildConfigurations = (
				CF4198970E12ADE600A2BE4A /* Debug */,
				CF4198980E12ADE600A2BE4A /* Release */,
			);
			defaultConfigurationIsVisible = 0;
			defaultConfigurationName = Release;
		};
/* End XCConfigurationList section */
	};
	rootObject = 29B97313FDCFA39411CA2CEA /* Project object */;
}
